// !$*UTF8*$!
{
	archiveVersion = 1;
	classes = {
	};
	objectVersion = 56;
	objects = {

/* Begin PBXBuildFile section */
		4EACB9FF2C10BB2100B46B10 /* AppDelegate.swift in Sources */ = {isa = PBXBuildFile; fileRef = 4EACB9FE2C10BB2100B46B10 /* AppDelegate.swift */; };
		4EACBA012C10BB2100B46B10 /* SceneDelegate.swift in Sources */ = {isa = PBXBuildFile; fileRef = 4EACBA002C10BB2100B46B10 /* SceneDelegate.swift */; };
		4EACBA032C10BB2100B46B10 /* ViewController.swift in Sources */ = {isa = PBXBuildFile; fileRef = 4EACBA022C10BB2100B46B10 /* ViewController.swift */; };
		4EACBA082C10BB2200B46B10 /* Assets.xcassets in Resources */ = {isa = PBXBuildFile; fileRef = 4EACBA072C10BB2200B46B10 /* Assets.xcassets */; };
		4EACBA0B2C10BB2200B46B10 /* LaunchScreen.storyboard in Resources */ = {isa = PBXBuildFile; fileRef = 4EACBA092C10BB2200B46B10 /* LaunchScreen.storyboard */; };
		4EACBA162C10BB2200B46B10 /* WellTests.swift in Sources */ = {isa = PBXBuildFile; fileRef = 4EACBA152C10BB2200B46B10 /* WellTests.swift */; };
		4EACBA202C10BB2200B46B10 /* WellUITests.swift in Sources */ = {isa = PBXBuildFile; fileRef = 4EACBA1F2C10BB2200B46B10 /* WellUITests.swift */; };
		4EACBA222C10BB2200B46B10 /* WellUITestsLaunchTests.swift in Sources */ = {isa = PBXBuildFile; fileRef = 4EACBA212C10BB2200B46B10 /* WellUITestsLaunchTests.swift */; };
		4EACBA302C10C9F200B46B10 /* PokemonListView.swift in Sources */ = {isa = PBXBuildFile; fileRef = 4EACBA2F2C10C9F200B46B10 /* PokemonListView.swift */; };
		4EACBA322C10CA7200B46B10 /* HomeScreenViewModel.swift in Sources */ = {isa = PBXBuildFile; fileRef = 4EACBA312C10CA7200B46B10 /* HomeScreenViewModel.swift */; };
		4EACBA342C10CB1000B46B10 /* PokemonModel.swift in Sources */ = {isa = PBXBuildFile; fileRef = 4EACBA332C10CB1000B46B10 /* PokemonModel.swift */; };
		4EACBA362C10CBE900B46B10 /* PokemonsClient.swift in Sources */ = {isa = PBXBuildFile; fileRef = 4EACBA352C10CBE900B46B10 /* PokemonsClient.swift */; };
		4EACBA382C10E84100B46B10 /* ImageClient.swift in Sources */ = {isa = PBXBuildFile; fileRef = 4EACBA372C10E84100B46B10 /* ImageClient.swift */; };
		4EACBA3B2C11425500B46B10 /* PokemonCellViewTableViewCell.swift in Sources */ = {isa = PBXBuildFile; fileRef = 4EACBA3A2C11425500B46B10 /* PokemonCellViewTableViewCell.swift */; };
		4EACBA3D2C1142B100B46B10 /* PokemonCellViewTableViewCell.xib in Resources */ = {isa = PBXBuildFile; fileRef = 4EACBA3C2C1142B100B46B10 /* PokemonCellViewTableViewCell.xib */; };
		4EACBA3F2C11439900B46B10 /* ContainerViewController.swift in Sources */ = {isa = PBXBuildFile; fileRef = 4EACBA3E2C11439900B46B10 /* ContainerViewController.swift */; };
		4EACBA432C11442500B46B10 /* PokemonDetailView.swift in Sources */ = {isa = PBXBuildFile; fileRef = 4EACBA422C11442500B46B10 /* PokemonDetailView.swift */; };
		4EACBA462C1144A700B46B10 /* PokemonDetailViewController.swift in Sources */ = {isa = PBXBuildFile; fileRef = 4EACBA452C1144A700B46B10 /* PokemonDetailViewController.swift */; };
		4EACBA482C1144D400B46B10 /* PokemonDetailViewController.xib in Resources */ = {isa = PBXBuildFile; fileRef = 4EACBA472C1144D400B46B10 /* PokemonDetailViewController.xib */; };
		4EACBA4E2C1163FC00B46B10 /* HomeScreenViewModelTests.swift in Sources */ = {isa = PBXBuildFile; fileRef = 4EACBA4D2C1163FC00B46B10 /* HomeScreenViewModelTests.swift */; };
		4EACBA502C116B4100B46B10 /* PokemonClientTests.swift in Sources */ = {isa = PBXBuildFile; fileRef = 4EACBA4F2C116B4100B46B10 /* PokemonClientTests.swift */; };
/* End PBXBuildFile section */

/* Begin PBXContainerItemProxy section */
		4EACBA122C10BB2200B46B10 /* PBXContainerItemProxy */ = {
			isa = PBXContainerItemProxy;
			containerPortal = 4EACB9F32C10BB2100B46B10 /* Project object */;
			proxyType = 1;
			remoteGlobalIDString = 4EACB9FA2C10BB2100B46B10;
			remoteInfo = Well;
		};
		4EACBA1C2C10BB2200B46B10 /* PBXContainerItemProxy */ = {
			isa = PBXContainerItemProxy;
			containerPortal = 4EACB9F32C10BB2100B46B10 /* Project object */;
			proxyType = 1;
			remoteGlobalIDString = 4EACB9FA2C10BB2100B46B10;
			remoteInfo = Well;
		};
/* End PBXContainerItemProxy section */

/* Begin PBXFileReference section */
		4EACB9FB2C10BB2100B46B10 /* Well.app */ = {isa = PBXFileReference; explicitFileType = wrapper.application; includeInIndex = 0; path = Well.app; sourceTree = BUILT_PRODUCTS_DIR; };
		4EACB9FE2C10BB2100B46B10 /* AppDelegate.swift */ = {isa = PBXFileReference; lastKnownFileType = sourcecode.swift; path = AppDelegate.swift; sourceTree = "<group>"; };
		4EACBA002C10BB2100B46B10 /* SceneDelegate.swift */ = {isa = PBXFileReference; lastKnownFileType = sourcecode.swift; path = SceneDelegate.swift; sourceTree = "<group>"; };
		4EACBA022C10BB2100B46B10 /* ViewController.swift */ = {isa = PBXFileReference; lastKnownFileType = sourcecode.swift; path = ViewController.swift; sourceTree = "<group>"; };
		4EACBA072C10BB2200B46B10 /* Assets.xcassets */ = {isa = PBXFileReference; lastKnownFileType = folder.assetcatalog; path = Assets.xcassets; sourceTree = "<group>"; };
		4EACBA0A2C10BB2200B46B10 /* Base */ = {isa = PBXFileReference; lastKnownFileType = file.storyboard; name = Base; path = Base.lproj/LaunchScreen.storyboard; sourceTree = "<group>"; };
		4EACBA0C2C10BB2200B46B10 /* Info.plist */ = {isa = PBXFileReference; lastKnownFileType = text.plist.xml; path = Info.plist; sourceTree = "<group>"; };
		4EACBA112C10BB2200B46B10 /* WellTests.xctest */ = {isa = PBXFileReference; explicitFileType = wrapper.cfbundle; includeInIndex = 0; path = WellTests.xctest; sourceTree = BUILT_PRODUCTS_DIR; };
		4EACBA152C10BB2200B46B10 /* WellTests.swift */ = {isa = PBXFileReference; lastKnownFileType = sourcecode.swift; path = WellTests.swift; sourceTree = "<group>"; };
		4EACBA1B2C10BB2200B46B10 /* WellUITests.xctest */ = {isa = PBXFileReference; explicitFileType = wrapper.cfbundle; includeInIndex = 0; path = WellUITests.xctest; sourceTree = BUILT_PRODUCTS_DIR; };
		4EACBA1F2C10BB2200B46B10 /* WellUITests.swift */ = {isa = PBXFileReference; lastKnownFileType = sourcecode.swift; path = WellUITests.swift; sourceTree = "<group>"; };
		4EACBA212C10BB2200B46B10 /* WellUITestsLaunchTests.swift */ = {isa = PBXFileReference; lastKnownFileType = sourcecode.swift; path = WellUITestsLaunchTests.swift; sourceTree = "<group>"; };
		4EACBA2F2C10C9F200B46B10 /* PokemonListView.swift */ = {isa = PBXFileReference; lastKnownFileType = sourcecode.swift; path = PokemonListView.swift; sourceTree = "<group>"; };
		4EACBA312C10CA7200B46B10 /* HomeScreenViewModel.swift */ = {isa = PBXFileReference; lastKnownFileType = sourcecode.swift; path = HomeScreenViewModel.swift; sourceTree = "<group>"; };
		4EACBA332C10CB1000B46B10 /* PokemonModel.swift */ = {isa = PBXFileReference; lastKnownFileType = sourcecode.swift; path = PokemonModel.swift; sourceTree = "<group>"; };
		4EACBA352C10CBE900B46B10 /* PokemonsClient.swift */ = {isa = PBXFileReference; lastKnownFileType = sourcecode.swift; path = PokemonsClient.swift; sourceTree = "<group>"; };
		4EACBA372C10E84100B46B10 /* ImageClient.swift */ = {isa = PBXFileReference; lastKnownFileType = sourcecode.swift; path = ImageClient.swift; sourceTree = "<group>"; };
		4EACBA3A2C11425500B46B10 /* PokemonCellViewTableViewCell.swift */ = {isa = PBXFileReference; lastKnownFileType = sourcecode.swift; path = PokemonCellViewTableViewCell.swift; sourceTree = "<group>"; };
		4EACBA3C2C1142B100B46B10 /* PokemonCellViewTableViewCell.xib */ = {isa = PBXFileReference; lastKnownFileType = file.xib; path = PokemonCellViewTableViewCell.xib; sourceTree = "<group>"; };
		4EACBA3E2C11439900B46B10 /* ContainerViewController.swift */ = {isa = PBXFileReference; lastKnownFileType = sourcecode.swift; path = ContainerViewController.swift; sourceTree = "<group>"; };
		4EACBA422C11442500B46B10 /* PokemonDetailView.swift */ = {isa = PBXFileReference; lastKnownFileType = sourcecode.swift; path = PokemonDetailView.swift; sourceTree = "<group>"; };
		4EACBA452C1144A700B46B10 /* PokemonDetailViewController.swift */ = {isa = PBXFileReference; lastKnownFileType = sourcecode.swift; path = PokemonDetailViewController.swift; sourceTree = "<group>"; };
		4EACBA472C1144D400B46B10 /* PokemonDetailViewController.xib */ = {isa = PBXFileReference; lastKnownFileType = file.xib; path = PokemonDetailViewController.xib; sourceTree = "<group>"; };
		4EACBA4D2C1163FC00B46B10 /* HomeScreenViewModelTests.swift */ = {isa = PBXFileReference; lastKnownFileType = sourcecode.swift; path = HomeScreenViewModelTests.swift; sourceTree = "<group>"; };
		4EACBA4F2C116B4100B46B10 /* PokemonClientTests.swift */ = {isa = PBXFileReference; lastKnownFileType = sourcecode.swift; path = PokemonClientTests.swift; sourceTree = "<group>"; };
/* End PBXFileReference section */

/* Begin PBXFrameworksBuildPhase section */
		4EACB9F82C10BB2100B46B10 /* Frameworks */ = {
			isa = PBXFrameworksBuildPhase;
			buildActionMask = 2147483647;
			files = (
			);
			runOnlyForDeploymentPostprocessing = 0;
		};
		4EACBA0E2C10BB2200B46B10 /* Frameworks */ = {
			isa = PBXFrameworksBuildPhase;
			buildActionMask = 2147483647;
			files = (
			);
			runOnlyForDeploymentPostprocessing = 0;
		};
		4EACBA182C10BB2200B46B10 /* Frameworks */ = {
			isa = PBXFrameworksBuildPhase;
			buildActionMask = 2147483647;
			files = (
			);
			runOnlyForDeploymentPostprocessing = 0;
		};
/* End PBXFrameworksBuildPhase section */

/* Begin PBXGroup section */
		4EACB9F22C10BB2100B46B10 = {
			isa = PBXGroup;
			children = (
				4EACB9FD2C10BB2100B46B10 /* Well */,
				4EACBA142C10BB2200B46B10 /* WellTests */,
				4EACBA1E2C10BB2200B46B10 /* WellUITests */,
				4EACB9FC2C10BB2100B46B10 /* Products */,
			);
			sourceTree = "<group>";
		};
		4EACB9FC2C10BB2100B46B10 /* Products */ = {
			isa = PBXGroup;
			children = (
				4EACB9FB2C10BB2100B46B10 /* Well.app */,
				4EACBA112C10BB2200B46B10 /* WellTests.xctest */,
				4EACBA1B2C10BB2200B46B10 /* WellUITests.xctest */,
			);
			name = Products;
			sourceTree = "<group>";
		};
		4EACB9FD2C10BB2100B46B10 /* Well */ = {
			isa = PBXGroup;
			children = (
				4EACBA402C11440F00B46B10 /* DetailView */,
				4EACBA392C11423200B46B10 /* PokemonCellView */,
				4EACBA2E2C10C9C500B46B10 /* PokemonListView */,
				4EACB9FE2C10BB2100B46B10 /* AppDelegate.swift */,
				4EACBA002C10BB2100B46B10 /* SceneDelegate.swift */,
				4EACBA072C10BB2200B46B10 /* Assets.xcassets */,
				4EACBA092C10BB2200B46B10 /* LaunchScreen.storyboard */,
				4EACBA0C2C10BB2200B46B10 /* Info.plist */,
				4EACBA352C10CBE900B46B10 /* PokemonsClient.swift */,
				4EACBA332C10CB1000B46B10 /* PokemonModel.swift */,
				4EACBA372C10E84100B46B10 /* ImageClient.swift */,
				4EACBA3E2C11439900B46B10 /* ContainerViewController.swift */,
			);
			path = Well;
			sourceTree = "<group>";
		};
		4EACBA142C10BB2200B46B10 /* WellTests */ = {
			isa = PBXGroup;
			children = (
				4EACBA152C10BB2200B46B10 /* WellTests.swift */,
				4EACBA4D2C1163FC00B46B10 /* HomeScreenViewModelTests.swift */,
				4EACBA4F2C116B4100B46B10 /* PokemonClientTests.swift */,
			);
			path = WellTests;
			sourceTree = "<group>";
		};
		4EACBA1E2C10BB2200B46B10 /* WellUITests */ = {
			isa = PBXGroup;
			children = (
				4EACBA1F2C10BB2200B46B10 /* WellUITests.swift */,
				4EACBA212C10BB2200B46B10 /* WellUITestsLaunchTests.swift */,
			);
			path = WellUITests;
			sourceTree = "<group>";
		};
		4EACBA2E2C10C9C500B46B10 /* PokemonListView */ = {
			isa = PBXGroup;
			children = (
				4EACBA022C10BB2100B46B10 /* ViewController.swift */,
				4EACBA2F2C10C9F200B46B10 /* PokemonListView.swift */,
				4EACBA312C10CA7200B46B10 /* HomeScreenViewModel.swift */,
			);
			path = PokemonListView;
			sourceTree = "<group>";
		};
		4EACBA392C11423200B46B10 /* PokemonCellView */ = {
			isa = PBXGroup;
			children = (
				4EACBA3A2C11425500B46B10 /* PokemonCellViewTableViewCell.swift */,
				4EACBA3C2C1142B100B46B10 /* PokemonCellViewTableViewCell.xib */,
			);
			path = PokemonCellView;
			sourceTree = "<group>";
		};
		4EACBA402C11440F00B46B10 /* DetailView */ = {
			isa = PBXGroup;
			children = (
				4EACBA442C11449400B46B10 /* UIKit */,
				4EACBA412C11441400B46B10 /* SwiftUI */,
			);
			path = DetailView;
			sourceTree = "<group>";
		};
		4EACBA412C11441400B46B10 /* SwiftUI */ = {
			isa = PBXGroup;
			children = (
				4EACBA422C11442500B46B10 /* PokemonDetailView.swift */,
			);
			path = SwiftUI;
			sourceTree = "<group>";
		};
		4EACBA442C11449400B46B10 /* UIKit */ = {
			isa = PBXGroup;
			children = (
				4EACBA452C1144A700B46B10 /* PokemonDetailViewController.swift */,
				4EACBA472C1144D400B46B10 /* PokemonDetailViewController.xib */,
			);
			path = UIKit;
			sourceTree = "<group>";
		};
/* End PBXGroup section */

/* Begin PBXNativeTarget section */
		4EACB9FA2C10BB2100B46B10 /* Well */ = {
			isa = PBXNativeTarget;
			buildConfigurationList = 4EACBA252C10BB2200B46B10 /* Build configuration list for PBXNativeTarget "Well" */;
			buildPhases = (
				4EACB9F72C10BB2100B46B10 /* Sources */,
				4EACB9F82C10BB2100B46B10 /* Frameworks */,
				4EACB9F92C10BB2100B46B10 /* Resources */,
			);
			buildRules = (
			);
			dependencies = (
			);
			name = Well;
			productName = Well;
			productReference = 4EACB9FB2C10BB2100B46B10 /* Well.app */;
			productType = "com.apple.product-type.application";
		};
		4EACBA102C10BB2200B46B10 /* WellTests */ = {
			isa = PBXNativeTarget;
			buildConfigurationList = 4EACBA282C10BB2200B46B10 /* Build configuration list for PBXNativeTarget "WellTests" */;
			buildPhases = (
				4EACBA0D2C10BB2200B46B10 /* Sources */,
				4EACBA0E2C10BB2200B46B10 /* Frameworks */,
				4EACBA0F2C10BB2200B46B10 /* Resources */,
			);
			buildRules = (
			);
			dependencies = (
				4EACBA132C10BB2200B46B10 /* PBXTargetDependency */,
			);
			name = WellTests;
			productName = WellTests;
			productReference = 4EACBA112C10BB2200B46B10 /* WellTests.xctest */;
			productType = "com.apple.product-type.bundle.unit-test";
		};
		4EACBA1A2C10BB2200B46B10 /* WellUITests */ = {
			isa = PBXNativeTarget;
			buildConfigurationList = 4EACBA2B2C10BB2200B46B10 /* Build configuration list for PBXNativeTarget "WellUITests" */;
			buildPhases = (
				4EACBA172C10BB2200B46B10 /* Sources */,
				4EACBA182C10BB2200B46B10 /* Frameworks */,
				4EACBA192C10BB2200B46B10 /* Resources */,
			);
			buildRules = (
			);
			dependencies = (
				4EACBA1D2C10BB2200B46B10 /* PBXTargetDependency */,
			);
			name = WellUITests;
			productName = WellUITests;
			productReference = 4EACBA1B2C10BB2200B46B10 /* WellUITests.xctest */;
			productType = "com.apple.product-type.bundle.ui-testing";
		};
/* End PBXNativeTarget section */

/* Begin PBXProject section */
		4EACB9F32C10BB2100B46B10 /* Project object */ = {
			isa = PBXProject;
			attributes = {
				BuildIndependentTargetsInParallel = 1;
				LastSwiftUpdateCheck = 1520;
				LastUpgradeCheck = 1520;
				TargetAttributes = {
					4EACB9FA2C10BB2100B46B10 = {
						CreatedOnToolsVersion = 15.2;
					};
					4EACBA102C10BB2200B46B10 = {
						CreatedOnToolsVersion = 15.2;
						TestTargetID = 4EACB9FA2C10BB2100B46B10;
					};
					4EACBA1A2C10BB2200B46B10 = {
						CreatedOnToolsVersion = 15.2;
						TestTargetID = 4EACB9FA2C10BB2100B46B10;
					};
				};
			};
			buildConfigurationList = 4EACB9F62C10BB2100B46B10 /* Build configuration list for PBXProject "Well" */;
			compatibilityVersion = "Xcode 14.0";
			developmentRegion = en;
			hasScannedForEncodings = 0;
			knownRegions = (
				en,
				Base,
			);
			mainGroup = 4EACB9F22C10BB2100B46B10;
			productRefGroup = 4EACB9FC2C10BB2100B46B10 /* Products */;
			projectDirPath = "";
			projectRoot = "";
			targets = (
				4EACB9FA2C10BB2100B46B10 /* Well */,
				4EACBA102C10BB2200B46B10 /* WellTests */,
				4EACBA1A2C10BB2200B46B10 /* WellUITests */,
			);
		};
/* End PBXProject section */

/* Begin PBXResourcesBuildPhase section */
		4EACB9F92C10BB2100B46B10 /* Resources */ = {
			isa = PBXResourcesBuildPhase;
			buildActionMask = 2147483647;
			files = (
				4EACBA3D2C1142B100B46B10 /* PokemonCellViewTableViewCell.xib in Resources */,
				4EACBA0B2C10BB2200B46B10 /* LaunchScreen.storyboard in Resources */,
				4EACBA082C10BB2200B46B10 /* Assets.xcassets in Resources */,
				4EACBA482C1144D400B46B10 /* PokemonDetailViewController.xib in Resources */,
			);
			runOnlyForDeploymentPostprocessing = 0;
		};
		4EACBA0F2C10BB2200B46B10 /* Resources */ = {
			isa = PBXResourcesBuildPhase;
			buildActionMask = 2147483647;
			files = (
			);
			runOnlyForDeploymentPostprocessing = 0;
		};
		4EACBA192C10BB2200B46B10 /* Resources */ = {
			isa = PBXResourcesBuildPhase;
			buildActionMask = 2147483647;
			files = (
			);
			runOnlyForDeploymentPostprocessing = 0;
		};
/* End PBXResourcesBuildPhase section */

/* Begin PBXSourcesBuildPhase section */
		4EACB9F72C10BB2100B46B10 /* Sources */ = {
			isa = PBXSourcesBuildPhase;
			buildActionMask = 2147483647;
			files = (
				4EACBA302C10C9F200B46B10 /* PokemonListView.swift in Sources */,
				4EACBA362C10CBE900B46B10 /* PokemonsClient.swift in Sources */,
				4EACBA432C11442500B46B10 /* PokemonDetailView.swift in Sources */,
				4EACBA3F2C11439900B46B10 /* ContainerViewController.swift in Sources */,
				4EACBA342C10CB1000B46B10 /* PokemonModel.swift in Sources */,
				4EACBA462C1144A700B46B10 /* PokemonDetailViewController.swift in Sources */,
				4EACBA032C10BB2100B46B10 /* ViewController.swift in Sources */,
				4EACBA3B2C11425500B46B10 /* PokemonCellViewTableViewCell.swift in Sources */,
				4EACB9FF2C10BB2100B46B10 /* AppDelegate.swift in Sources */,
				4EACBA012C10BB2100B46B10 /* SceneDelegate.swift in Sources */,
				4EACBA382C10E84100B46B10 /* ImageClient.swift in Sources */,
				4EACBA322C10CA7200B46B10 /* HomeScreenViewModel.swift in Sources */,
			);
			runOnlyForDeploymentPostprocessing = 0;
		};
		4EACBA0D2C10BB2200B46B10 /* Sources */ = {
			isa = PBXSourcesBuildPhase;
			buildActionMask = 2147483647;
			files = (
				4EACBA502C116B4100B46B10 /* PokemonClientTests.swift in Sources */,
				4EACBA162C10BB2200B46B10 /* WellTests.swift in Sources */,
				4EACBA4E2C1163FC00B46B10 /* HomeScreenViewModelTests.swift in Sources */,
			);
			runOnlyForDeploymentPostprocessing = 0;
		};
		4EACBA172C10BB2200B46B10 /* Sources */ = {
			isa = PBXSourcesBuildPhase;
			buildActionMask = 2147483647;
			files = (
				4EACBA222C10BB2200B46B10 /* WellUITestsLaunchTests.swift in Sources */,
				4EACBA202C10BB2200B46B10 /* WellUITests.swift in Sources */,
			);
			runOnlyForDeploymentPostprocessing = 0;
		};
/* End PBXSourcesBuildPhase section */

/* Begin PBXTargetDependency section */
		4EACBA132C10BB2200B46B10 /* PBXTargetDependency */ = {
			isa = PBXTargetDependency;
			target = 4EACB9FA2C10BB2100B46B10 /* Well */;
			targetProxy = 4EACBA122C10BB2200B46B10 /* PBXContainerItemProxy */;
		};
		4EACBA1D2C10BB2200B46B10 /* PBXTargetDependency */ = {
			isa = PBXTargetDependency;
			target = 4EACB9FA2C10BB2100B46B10 /* Well */;
			targetProxy = 4EACBA1C2C10BB2200B46B10 /* PBXContainerItemProxy */;
		};
/* End PBXTargetDependency section */

/* Begin PBXVariantGroup section */
		4EACBA092C10BB2200B46B10 /* LaunchScreen.storyboard */ = {
			isa = PBXVariantGroup;
			children = (
				4EACBA0A2C10BB2200B46B10 /* Base */,
			);
			name = LaunchScreen.storyboard;
			sourceTree = "<group>";
		};
/* End PBXVariantGroup section */

/* Begin XCBuildConfiguration section */
		4EACBA232C10BB2200B46B10 /* Debug */ = {
			isa = XCBuildConfiguration;
			buildSettings = {
				ALWAYS_SEARCH_USER_PATHS = NO;
				ASSETCATALOG_COMPILER_GENERATE_SWIFT_ASSET_SYMBOL_EXTENSIONS = YES;
				CLANG_ANALYZER_NONNULL = YES;
				CLANG_ANALYZER_NUMBER_OBJECT_CONVERSION = YES_AGGRESSIVE;
				CLANG_CXX_LANGUAGE_STANDARD = "gnu++20";
				CLANG_ENABLE_MODULES = YES;
				CLANG_ENABLE_OBJC_ARC = YES;
				CLANG_ENABLE_OBJC_WEAK = YES;
				CLANG_WARN_BLOCK_CAPTURE_AUTORELEASING = YES;
				CLANG_WARN_BOOL_CONVERSION = YES;
				CLANG_WARN_COMMA = YES;
				CLANG_WARN_CONSTANT_CONVERSION = YES;
				CLANG_WARN_DEPRECATED_OBJC_IMPLEMENTATIONS = YES;
				CLANG_WARN_DIRECT_OBJC_ISA_USAGE = YES_ERROR;
				CLANG_WARN_DOCUMENTATION_COMMENTS = YES;
				CLANG_WARN_EMPTY_BODY = YES;
				CLANG_WARN_ENUM_CONVERSION = YES;
				CLANG_WARN_INFINITE_RECURSION = YES;
				CLANG_WARN_INT_CONVERSION = YES;
				CLANG_WARN_NON_LITERAL_NULL_CONVERSION = YES;
				CLANG_WARN_OBJC_IMPLICIT_RETAIN_SELF = YES;
				CLANG_WARN_OBJC_LITERAL_CONVERSION = YES;
				CLANG_WARN_OBJC_ROOT_CLASS = YES_ERROR;
				CLANG_WARN_QUOTED_INCLUDE_IN_FRAMEWORK_HEADER = YES;
				CLANG_WARN_RANGE_LOOP_ANALYSIS = YES;
				CLANG_WARN_STRICT_PROTOTYPES = YES;
				CLANG_WARN_SUSPICIOUS_MOVE = YES;
				CLANG_WARN_UNGUARDED_AVAILABILITY = YES_AGGRESSIVE;
				CLANG_WARN_UNREACHABLE_CODE = YES;
				CLANG_WARN__DUPLICATE_METHOD_MATCH = YES;
				COPY_PHASE_STRIP = NO;
				DEBUG_INFORMATION_FORMAT = dwarf;
				ENABLE_STRICT_OBJC_MSGSEND = YES;
				ENABLE_TESTABILITY = YES;
				ENABLE_USER_SCRIPT_SANDBOXING = YES;
				GCC_C_LANGUAGE_STANDARD = gnu17;
				GCC_DYNAMIC_NO_PIC = NO;
				GCC_NO_COMMON_BLOCKS = YES;
				GCC_OPTIMIZATION_LEVEL = 0;
				GCC_PREPROCESSOR_DEFINITIONS = (
					"DEBUG=1",
					"$(inherited)",
				);
				GCC_WARN_64_TO_32_BIT_CONVERSION = YES;
				GCC_WARN_ABOUT_RETURN_TYPE = YES_ERROR;
				GCC_WARN_UNDECLARED_SELECTOR = YES;
				GCC_WARN_UNINITIALIZED_AUTOS = YES_AGGRESSIVE;
				GCC_WARN_UNUSED_FUNCTION = YES;
				GCC_WARN_UNUSED_VARIABLE = YES;
				IPHONEOS_DEPLOYMENT_TARGET = 17.2;
				LOCALIZATION_PREFERS_STRING_CATALOGS = YES;
				MTL_ENABLE_DEBUG_INFO = INCLUDE_SOURCE;
				MTL_FAST_MATH = YES;
				ONLY_ACTIVE_ARCH = YES;
				SDKROOT = iphoneos;
				SWIFT_ACTIVE_COMPILATION_CONDITIONS = "DEBUG $(inherited)";
				SWIFT_OPTIMIZATION_LEVEL = "-Onone";
			};
			name = Debug;
		};
		4EACBA242C10BB2200B46B10 /* Release */ = {
			isa = XCBuildConfiguration;
			buildSettings = {
				ALWAYS_SEARCH_USER_PATHS = NO;
				ASSETCATALOG_COMPILER_GENERATE_SWIFT_ASSET_SYMBOL_EXTENSIONS = YES;
				CLANG_ANALYZER_NONNULL = YES;
				CLANG_ANALYZER_NUMBER_OBJECT_CONVERSION = YES_AGGRESSIVE;
				CLANG_CXX_LANGUAGE_STANDARD = "gnu++20";
				CLANG_ENABLE_MODULES = YES;
				CLANG_ENABLE_OBJC_ARC = YES;
				CLANG_ENABLE_OBJC_WEAK = YES;
				CLANG_WARN_BLOCK_CAPTURE_AUTORELEASING = YES;
				CLANG_WARN_BOOL_CONVERSION = YES;
				CLANG_WARN_COMMA = YES;
				CLANG_WARN_CONSTANT_CONVERSION = YES;
				CLANG_WARN_DEPRECATED_OBJC_IMPLEMENTATIONS = YES;
				CLANG_WARN_DIRECT_OBJC_ISA_USAGE = YES_ERROR;
				CLANG_WARN_DOCUMENTATION_COMMENTS = YES;
				CLANG_WARN_EMPTY_BODY = YES;
				CLANG_WARN_ENUM_CONVERSION = YES;
				CLANG_WARN_INFINITE_RECURSION = YES;
				CLANG_WARN_INT_CONVERSION = YES;
				CLANG_WARN_NON_LITERAL_NULL_CONVERSION = YES;
				CLANG_WARN_OBJC_IMPLICIT_RETAIN_SELF = YES;
				CLANG_WARN_OBJC_LITERAL_CONVERSION = YES;
				CLANG_WARN_OBJC_ROOT_CLASS = YES_ERROR;
				CLANG_WARN_QUOTED_INCLUDE_IN_FRAMEWORK_HEADER = YES;
				CLANG_WARN_RANGE_LOOP_ANALYSIS = YES;
				CLANG_WARN_STRICT_PROTOTYPES = YES;
				CLANG_WARN_SUSPICIOUS_MOVE = YES;
				CLANG_WARN_UNGUARDED_AVAILABILITY = YES_AGGRESSIVE;
				CLANG_WARN_UNREACHABLE_CODE = YES;
				CLANG_WARN__DUPLICATE_METHOD_MATCH = YES;
				COPY_PHASE_STRIP = NO;
				DEBUG_INFORMATION_FORMAT = "dwarf-with-dsym";
				ENABLE_NS_ASSERTIONS = NO;
				ENABLE_STRICT_OBJC_MSGSEND = YES;
				ENABLE_USER_SCRIPT_SANDBOXING = YES;
				GCC_C_LANGUAGE_STANDARD = gnu17;
				GCC_NO_COMMON_BLOCKS = YES;
				GCC_WARN_64_TO_32_BIT_CONVERSION = YES;
				GCC_WARN_ABOUT_RETURN_TYPE = YES_ERROR;
				GCC_WARN_UNDECLARED_SELECTOR = YES;
				GCC_WARN_UNINITIALIZED_AUTOS = YES_AGGRESSIVE;
				GCC_WARN_UNUSED_FUNCTION = YES;
				GCC_WARN_UNUSED_VARIABLE = YES;
				IPHONEOS_DEPLOYMENT_TARGET = 17.2;
				LOCALIZATION_PREFERS_STRING_CATALOGS = YES;
				MTL_ENABLE_DEBUG_INFO = NO;
				MTL_FAST_MATH = YES;
				SDKROOT = iphoneos;
				SWIFT_COMPILATION_MODE = wholemodule;
				VALIDATE_PRODUCT = YES;
			};
			name = Release;
		};
		4EACBA262C10BB2200B46B10 /* Debug */ = {
			isa = XCBuildConfiguration;
			buildSettings = {
				ASSETCATALOG_COMPILER_APPICON_NAME = AppIcon;
				ASSETCATALOG_COMPILER_GLOBAL_ACCENT_COLOR_NAME = AccentColor;
				CODE_SIGN_STYLE = Automatic;
				CURRENT_PROJECT_VERSION = 1;
				GENERATE_INFOPLIST_FILE = YES;
				INFOPLIST_FILE = Well/Info.plist;
				INFOPLIST_KEY_UIApplicationSupportsIndirectInputEvents = YES;
				INFOPLIST_KEY_UILaunchStoryboardName = LaunchScreen;
				INFOPLIST_KEY_UIMainStoryboardFile = "";
				INFOPLIST_KEY_UISupportedInterfaceOrientations_iPad = "UIInterfaceOrientationPortrait UIInterfaceOrientationPortraitUpsideDown UIInterfaceOrientationLandscapeLeft UIInterfaceOrientationLandscapeRight";
				INFOPLIST_KEY_UISupportedInterfaceOrientations_iPhone = "UIInterfaceOrientationPortrait UIInterfaceOrientationLandscapeLeft UIInterfaceOrientationLandscapeRight";
				LD_RUNPATH_SEARCH_PATHS = (
					"$(inherited)",
					"@executable_path/Frameworks",
				);
				MARKETING_VERSION = 1.0;
				PRODUCT_BUNDLE_IDENTIFIER = com.jian.Well;
				PRODUCT_NAME = "$(TARGET_NAME)";
				SWIFT_EMIT_LOC_STRINGS = YES;
				SWIFT_VERSION = 5.0;
				TARGETED_DEVICE_FAMILY = "1,2";
			};
			name = Debug;
		};
		4EACBA272C10BB2200B46B10 /* Release */ = {
			isa = XCBuildConfiguration;
			buildSettings = {
				ASSETCATALOG_COMPILER_APPICON_NAME = AppIcon;
				ASSETCATALOG_COMPILER_GLOBAL_ACCENT_COLOR_NAME = AccentColor;
				CODE_SIGN_STYLE = Automatic;
				CURRENT_PROJECT_VERSION = 1;
				GENERATE_INFOPLIST_FILE = YES;
				INFOPLIST_FILE = Well/Info.plist;
				INFOPLIST_KEY_UIApplicationSupportsIndirectInputEvents = YES;
				INFOPLIST_KEY_UILaunchStoryboardName = LaunchScreen;
				INFOPLIST_KEY_UIMainStoryboardFile = "";
				INFOPLIST_KEY_UISupportedInterfaceOrientations_iPad = "UIInterfaceOrientationPortrait UIInterfaceOrientationPortraitUpsideDown UIInterfaceOrientationLandscapeLeft UIInterfaceOrientationLandscapeRight";
				INFOPLIST_KEY_UISupportedInterfaceOrientations_iPhone = "UIInterfaceOrientationPortrait UIInterfaceOrientationLandscapeLeft UIInterfaceOrientationLandscapeRight";
				LD_RUNPATH_SEARCH_PATHS = (
					"$(inherited)",
					"@executable_path/Frameworks",
				);
				MARKETING_VERSION = 1.0;
				PRODUCT_BUNDLE_IDENTIFIER = com.jian.Well;
				PRODUCT_NAME = "$(TARGET_NAME)";
				SWIFT_EMIT_LOC_STRINGS = YES;
				SWIFT_VERSION = 5.0;
				TARGETED_DEVICE_FAMILY = "1,2";
			};
			name = Release;
		};
		4EACBA292C10BB2200B46B10 /* Debug */ = {
			isa = XCBuildConfiguration;
			buildSettings = {
				ALWAYS_EMBED_SWIFT_STANDARD_LIBRARIES = YES;
				BUNDLE_LOADER = "$(TEST_HOST)";
				CODE_SIGN_STYLE = Automatic;
				CURRENT_PROJECT_VERSION = 1;
				GENERATE_INFOPLIST_FILE = YES;
				IPHONEOS_DEPLOYMENT_TARGET = 17.2;
				MARKETING_VERSION = 1.0;
				PRODUCT_BUNDLE_IDENTIFIER = com.jian.WellTests;
				PRODUCT_NAME = "$(TARGET_NAME)";
				SWIFT_EMIT_LOC_STRINGS = NO;
				SWIFT_VERSION = 5.0;
				TARGETED_DEVICE_FAMILY = "1,2";
				TEST_HOST = "$(BUILT_PRODUCTS_DIR)/Well.app/$(BUNDLE_EXECUTABLE_FOLDER_PATH)/Well";
			};
			name = Debug;
		};
		4EACBA2A2C10BB2200B46B10 /* Release */ = {
			isa = XCBuildConfiguration;
			buildSettings = {
				ALWAYS_EMBED_SWIFT_STANDARD_LIBRARIES = YES;
				BUNDLE_LOADER = "$(TEST_HOST)";
				CODE_SIGN_STYLE = Automatic;
				CURRENT_PROJECT_VERSION = 1;
				GENERATE_INFOPLIST_FILE = YES;
				IPHONEOS_DEPLOYMENT_TARGET = 17.2;
				MARKETING_VERSION = 1.0;
				PRODUCT_BUNDLE_IDENTIFIER = com.jian.WellTests;
				PRODUCT_NAME = "$(TARGET_NAME)";
				SWIFT_EMIT_LOC_STRINGS = NO;
				SWIFT_VERSION = 5.0;
				TARGETED_DEVICE_FAMILY = "1,2";
				TEST_HOST = "$(BUILT_PRODUCTS_DIR)/Well.app/$(BUNDLE_EXECUTABLE_FOLDER_PATH)/Well";
			};
			name = Release;
		};
		4EACBA2C2C10BB2200B46B10 /* Debug */ = {
			isa = XCBuildConfiguration;
			buildSettings = {
				ALWAYS_EMBED_SWIFT_STANDARD_LIBRARIES = YES;
				CODE_SIGN_STYLE = Automatic;
				CURRENT_PROJECT_VERSION = 1;
				GENERATE_INFOPLIST_FILE = YES;
				MARKETING_VERSION = 1.0;
				PRODUCT_BUNDLE_IDENTIFIER = com.jian.WellUITests;
				PRODUCT_NAME = "$(TARGET_NAME)";
				SWIFT_EMIT_LOC_STRINGS = NO;
				SWIFT_VERSION = 5.0;
				TARGETED_DEVICE_FAMILY = "1,2";
				TEST_TARGET_NAME = Well;
			};
			name = Debug;
		};
		4EACBA2D2C10BB2200B46B10 /* Release */ = {
			isa = XCBuildConfiguration;
			buildSettings = {
				ALWAYS_EMBED_SWIFT_STANDARD_LIBRARIES = YES;
				CODE_SIGN_STYLE = Automatic;
				CURRENT_PROJECT_VERSION = 1;
				GENERATE_INFOPLIST_FILE = YES;
				MARKETING_VERSION = 1.0;
				PRODUCT_BUNDLE_IDENTIFIER = com.jian.WellUITests;
				PRODUCT_NAME = "$(TARGET_NAME)";
				SWIFT_EMIT_LOC_STRINGS = NO;
				SWIFT_VERSION = 5.0;
				TARGETED_DEVICE_FAMILY = "1,2";
				TEST_TARGET_NAME = Well;
			};
			name = Release;
		};
/* End XCBuildConfiguration section */

/* Begin XCConfigurationList section */
		4EACB9F62C10BB2100B46B10 /* Build configuration list for PBXProject "Well" */ = {
			isa = XCConfigurationList;
			buildConfigurations = (
				4EACBA232C10BB2200B46B10 /* Debug */,
				4EACBA242C10BB2200B46B10 /* Release */,
			);
			defaultConfigurationIsVisible = 0;
			defaultConfigurationName = Release;
		};
		4EACBA252C10BB2200B46B10 /* Build configuration list for PBXNativeTarget "Well" */ = {
			isa = XCConfigurationList;
			buildConfigurations = (
				4EACBA262C10BB2200B46B10 /* Debug */,
				4EACBA272C10BB2200B46B10 /* Release */,
			);
			defaultConfigurationIsVisible = 0;
			defaultConfigurationName = Release;
		};
		4EACBA282C10BB2200B46B10 /* Build configuration list for PBXNativeTarget "WellTests" */ = {
			isa = XCConfigurationList;
			buildConfigurations = (
				4EACBA292C10BB2200B46B10 /* Debug */,
				4EACBA2A2C10BB2200B46B10 /* Release */,
			);
			defaultConfigurationIsVisible = 0;
			defaultConfigurationName = Release;
		};
		4EACBA2B2C10BB2200B46B10 /* Build configuration list for PBXNativeTarget "WellUITests" */ = {
			isa = XCConfigurationList;
			buildConfigurations = (
				4EACBA2C2C10BB2200B46B10 /* Debug */,
				4EACBA2D2C10BB2200B46B10 /* Release */,
			);
			defaultConfigurationIsVisible = 0;
			defaultConfigurationName = Release;
		};
/* End XCConfigurationList section */
	};
	rootObject = 4EACB9F32C10BB2100B46B10 /* Project object */;
}
